// !$*UTF8*$!
{
	archiveVersion = 1;
	classes = {
	};
	objectVersion = 46;
	objects = {

/* Begin PBXBuildFile section */
		85347E241E23F60500AD7DEB /* AppDelegate.swift in Sources */ = {isa = PBXBuildFile; fileRef = 85347E231E23F60500AD7DEB /* AppDelegate.swift */; };
		85347E261E23F60500AD7DEB /* ViewController.swift in Sources */ = {isa = PBXBuildFile; fileRef = 85347E251E23F60500AD7DEB /* ViewController.swift */; };
		85347E291E23F60500AD7DEB /* Main.storyboard in Resources */ = {isa = PBXBuildFile; fileRef = 85347E271E23F60500AD7DEB /* Main.storyboard */; };
		85347E2B1E23F60500AD7DEB /* Assets.xcassets in Resources */ = {isa = PBXBuildFile; fileRef = 85347E2A1E23F60500AD7DEB /* Assets.xcassets */; };
		85347E2E1E23F60500AD7DEB /* LaunchScreen.storyboard in Resources */ = {isa = PBXBuildFile; fileRef = 85347E2C1E23F60500AD7DEB /* LaunchScreen.storyboard */; };
		85347E391E23F60500AD7DEB /* scrollViewTests.swift in Sources */ = {isa = PBXBuildFile; fileRef = 85347E381E23F60500AD7DEB /* scrollViewTests.swift */; };
		85347E441E23F60500AD7DEB /* scrollViewUITests.swift in Sources */ = {isa = PBXBuildFile; fileRef = 85347E431E23F60500AD7DEB /* scrollViewUITests.swift */; };
/* End PBXBuildFile section */

/* Begin PBXContainerItemProxy section */
		85347E351E23F60500AD7DEB /* PBXContainerItemProxy */ = {
			isa = PBXContainerItemProxy;
			containerPortal = 85347E181E23F60500AD7DEB /* Project object */;
			proxyType = 1;
			remoteGlobalIDString = 85347E1F1E23F60500AD7DEB;
			remoteInfo = scrollView;
		};
		85347E401E23F60500AD7DEB /* PBXContainerItemProxy */ = {
			isa = PBXContainerItemProxy;
			containerPortal = 85347E181E23F60500AD7DEB /* Project object */;
			proxyType = 1;
			remoteGlobalIDString = 85347E1F1E23F60500AD7DEB;
			remoteInfo = scrollView;
		};
/* End PBXContainerItemProxy section */

/* Begin PBXFileReference section */
		85347E201E23F60500AD7DEB /* scrollView.app */ = {isa = PBXFileReference; explicitFileType = wrapper.application; includeInIndex = 0; path = scrollView.app; sourceTree = BUILT_PRODUCTS_DIR; };
		85347E231E23F60500AD7DEB /* AppDelegate.swift */ = {isa = PBXFileReference; lastKnownFileType = sourcecode.swift; path = AppDelegate.swift; sourceTree = "<group>"; };
		85347E251E23F60500AD7DEB /* ViewController.swift */ = {isa = PBXFileReference; lastKnownFileType = sourcecode.swift; path = ViewController.swift; sourceTree = "<group>"; };
		85347E281E23F60500AD7DEB /* Base */ = {isa = PBXFileReference; lastKnownFileType = file.storyboard; name = Base; path = Base.lproj/Main.storyboard; sourceTree = "<group>"; };
		85347E2A1E23F60500AD7DEB /* Assets.xcassets */ = {isa = PBXFileReference; lastKnownFileType = folder.assetcatalog; path = Assets.xcassets; sourceTree = "<group>"; };
		85347E2D1E23F60500AD7DEB /* Base */ = {isa = PBXFileReference; lastKnownFileType = file.storyboard; name = Base; path = Base.lproj/LaunchScreen.storyboard; sourceTree = "<group>"; };
		85347E2F1E23F60500AD7DEB /* Info.plist */ = {isa = PBXFileReference; lastKnownFileType = text.plist.xml; path = Info.plist; sourceTree = "<group>"; };
		85347E341E23F60500AD7DEB /* scrollViewTests.xctest */ = {isa = PBXFileReference; explicitFileType = wrapper.cfbundle; includeInIndex = 0; path = scrollViewTests.xctest; sourceTree = BUILT_PRODUCTS_DIR; };
		85347E381E23F60500AD7DEB /* scrollViewTests.swift */ = {isa = PBXFileReference; lastKnownFileType = sourcecode.swift; path = scrollViewTests.swift; sourceTree = "<group>"; };
		85347E3A1E23F60500AD7DEB /* Info.plist */ = {isa = PBXFileReference; lastKnownFileType = text.plist.xml; path = Info.plist; sourceTree = "<group>"; };
		85347E3F1E23F60500AD7DEB /* scrollViewUITests.xctest */ = {isa = PBXFileReference; explicitFileType = wrapper.cfbundle; includeInIndex = 0; path = scrollViewUITests.xctest; sourceTree = BUILT_PRODUCTS_DIR; };
		85347E431E23F60500AD7DEB /* scrollViewUITests.swift */ = {isa = PBXFileReference; lastKnownFileType = sourcecode.swift; path = scrollViewUITests.swift; sourceTree = "<group>"; };
		85347E451E23F60500AD7DEB /* Info.plist */ = {isa = PBXFileReference; lastKnownFileType = text.plist.xml; path = Info.plist; sourceTree = "<group>"; };
/* End PBXFileReference section */

/* Begin PBXFrameworksBuildPhase section */
		85347E1D1E23F60500AD7DEB /* Frameworks */ = {
			isa = PBXFrameworksBuildPhase;
			buildActionMask = 2147483647;
			files = (
			);
			runOnlyForDeploymentPostprocessing = 0;
		};
		85347E311E23F60500AD7DEB /* Frameworks */ = {
			isa = PBXFrameworksBuildPhase;
			buildActionMask = 2147483647;
			files = (
			);
			runOnlyForDeploymentPostprocessing = 0;
		};
		85347E3C1E23F60500AD7DEB /* Frameworks */ = {
			isa = PBXFrameworksBuildPhase;
			buildActionMask = 2147483647;
			files = (
			);
			runOnlyForDeploymentPostprocessing = 0;
		};
/* End PBXFrameworksBuildPhase section */

/* Begin PBXGroup section */
		85347E171E23F60500AD7DEB = {
			isa = PBXGroup;
			children = (
				85347E221E23F60500AD7DEB /* scrollView */,
				85347E371E23F60500AD7DEB /* scrollViewTests */,
				85347E421E23F60500AD7DEB /* scrollViewUITests */,
				85347E211E23F60500AD7DEB /* Products */,
			);
			sourceTree = "<group>";
		};
		85347E211E23F60500AD7DEB /* Products */ = {
			isa = PBXGroup;
			children = (
				85347E201E23F60500AD7DEB /* scrollView.app */,
				85347E341E23F60500AD7DEB /* scrollViewTests.xctest */,
				85347E3F1E23F60500AD7DEB /* scrollViewUITests.xctest */,
			);
			name = Products;
			sourceTree = "<group>";
		};
		85347E221E23F60500AD7DEB /* scrollView */ = {
			isa = PBXGroup;
			children = (
				85347E231E23F60500AD7DEB /* AppDelegate.swift */,
				85347E251E23F60500AD7DEB /* ViewController.swift */,
				85347E271E23F60500AD7DEB /* Main.storyboard */,
				85347E2A1E23F60500AD7DEB /* Assets.xcassets */,
				85347E2C1E23F60500AD7DEB /* LaunchScreen.storyboard */,
				85347E2F1E23F60500AD7DEB /* Info.plist */,
			);
			path = scrollView;
			sourceTree = "<group>";
		};
		85347E371E23F60500AD7DEB /* scrollViewTests */ = {
			isa = PBXGroup;
			children = (
				85347E381E23F60500AD7DEB /* scrollViewTests.swift */,
				85347E3A1E23F60500AD7DEB /* Info.plist */,
			);
			path = scrollViewTests;
			sourceTree = "<group>";
		};
		85347E421E23F60500AD7DEB /* scrollViewUITests */ = {
			isa = PBXGroup;
			children = (
				85347E431E23F60500AD7DEB /* scrollViewUITests.swift */,
				85347E451E23F60500AD7DEB /* Info.plist */,
			);
			path = scrollViewUITests;
			sourceTree = "<group>";
		};
/* End PBXGroup section */

/* Begin PBXNativeTarget section */
		85347E1F1E23F60500AD7DEB /* scrollView */ = {
			isa = PBXNativeTarget;
			buildConfigurationList = 85347E481E23F60500AD7DEB /* Build configuration list for PBXNativeTarget "scrollView" */;
			buildPhases = (
				85347E1C1E23F60500AD7DEB /* Sources */,
				85347E1D1E23F60500AD7DEB /* Frameworks */,
				85347E1E1E23F60500AD7DEB /* Resources */,
			);
			buildRules = (
			);
			dependencies = (
			);
			name = scrollView;
			productName = scrollView;
			productReference = 85347E201E23F60500AD7DEB /* scrollView.app */;
			productType = "com.apple.product-type.application";
		};
		85347E331E23F60500AD7DEB /* scrollViewTests */ = {
			isa = PBXNativeTarget;
			buildConfigurationList = 85347E4B1E23F60500AD7DEB /* Build configuration list for PBXNativeTarget "scrollViewTests" */;
			buildPhases = (
				85347E301E23F60500AD7DEB /* Sources */,
				85347E311E23F60500AD7DEB /* Frameworks */,
				85347E321E23F60500AD7DEB /* Resources */,
			);
			buildRules = (
			);
			dependencies = (
				85347E361E23F60500AD7DEB /* PBXTargetDependency */,
			);
			name = scrollViewTests;
			productName = scrollViewTests;
			productReference = 85347E341E23F60500AD7DEB /* scrollViewTests.xctest */;
			productType = "com.apple.product-type.bundle.unit-test";
		};
		85347E3E1E23F60500AD7DEB /* scrollViewUITests */ = {
			isa = PBXNativeTarget;
			buildConfigurationList = 85347E4E1E23F60500AD7DEB /* Build configuration list for PBXNativeTarget "scrollViewUITests" */;
			buildPhases = (
				85347E3B1E23F60500AD7DEB /* Sources */,
				85347E3C1E23F60500AD7DEB /* Frameworks */,
				85347E3D1E23F60500AD7DEB /* Resources */,
			);
			buildRules = (
			);
			dependencies = (
				85347E411E23F60500AD7DEB /* PBXTargetDependency */,
			);
			name = scrollViewUITests;
			productName = scrollViewUITests;
			productReference = 85347E3F1E23F60500AD7DEB /* scrollViewUITests.xctest */;
			productType = "com.apple.product-type.bundle.ui-testing";
		};
/* End PBXNativeTarget section */

/* Begin PBXProject section */
		85347E181E23F60500AD7DEB /* Project object */ = {
			isa = PBXProject;
			attributes = {
				LastSwiftUpdateCheck = 0820;
				LastUpgradeCheck = 0820;
				ORGANIZATIONNAME = "Vineeth Ravindra";
				TargetAttributes = {
					85347E1F1E23F60500AD7DEB = {
						CreatedOnToolsVersion = 8.2.1;
						ProvisioningStyle = Automatic;
					};
					85347E331E23F60500AD7DEB = {
						CreatedOnToolsVersion = 8.2.1;
						ProvisioningStyle = Automatic;
						TestTargetID = 85347E1F1E23F60500AD7DEB;
					};
					85347E3E1E23F60500AD7DEB = {
						CreatedOnToolsVersion = 8.2.1;
						ProvisioningStyle = Automatic;
						TestTargetID = 85347E1F1E23F60500AD7DEB;
					};
				};
			};
			buildConfigurationList = 85347E1B1E23F60500AD7DEB /* Build configuration list for PBXProject "scrollView" */;
			compatibilityVersion = "Xcode 3.2";
			developmentRegion = English;
			hasScannedForEncodings = 0;
			knownRegions = (
				en,
				Base,
			);
			mainGroup = 85347E171E23F60500AD7DEB;
			productRefGroup = 85347E211E23F60500AD7DEB /* Products */;
			projectDirPath = "";
			projectRoot = "";
			targets = (
				85347E1F1E23F60500AD7DEB /* scrollView */,
				85347E331E23F60500AD7DEB /* scrollViewTests */,
				85347E3E1E23F60500AD7DEB /* scrollViewUITests */,
			);
		};
/* End PBXProject section */

/* Begin PBXResourcesBuildPhase section */
		85347E1E1E23F60500AD7DEB /* Resources */ = {
			isa = PBXResourcesBuildPhase;
			buildActionMask = 2147483647;
			files = (
				85347E2E1E23F60500AD7DEB /* LaunchScreen.storyboard in Resources */,
				85347E2B1E23F60500AD7DEB /* Assets.xcassets in Resources */,
				85347E291E23F60500AD7DEB /* Main.storyboard in Resources */,
			);
			runOnlyForDeploymentPostprocessing = 0;
		};
		85347E321E23F60500AD7DEB /* Resources */ = {
			isa = PBXResourcesBuildPhase;
			buildActionMask = 2147483647;
			files = (
			);
			runOnlyForDeploymentPostprocessing = 0;
		};
		85347E3D1E23F60500AD7DEB /* Resources */ = {
			isa = PBXResourcesBuildPhase;
			buildActionMask = 2147483647;
			files = (
			);
			runOnlyForDeploymentPostprocessing = 0;
		};
/* End PBXResourcesBuildPhase section */

/* Begin PBXSourcesBuildPhase section */
		85347E1C1E23F60500AD7DEB /* Sources */ = {
			isa = PBXSourcesBuildPhase;
			buildActionMask = 2147483647;
			files = (
				85347E261E23F60500AD7DEB /* ViewController.swift in Sources */,
				85347E241E23F60500AD7DEB /* AppDelegate.swift in Sources */,
			);
			runOnlyForDeploymentPostprocessing = 0;
		};
		85347E301E23F60500AD7DEB /* Sources */ = {
			isa = PBXSourcesBuildPhase;
			buildActionMask = 2147483647;
			files = (
				85347E391E23F60500AD7DEB /* scrollViewTests.swift in Sources */,
			);
			runOnlyForDeploymentPostprocessing = 0;
		};
		85347E3B1E23F60500AD7DEB /* Sources */ = {
			isa = PBXSourcesBuildPhase;
			buildActionMask = 2147483647;
			files = (
				85347E441E23F60500AD7DEB /* scrollViewUITests.swift in Sources */,
			);
			runOnlyForDeploymentPostprocessing = 0;
		};
/* End PBXSourcesBuildPhase section */

/* Begin PBXTargetDependency section */
		85347E361E23F60500AD7DEB /* PBXTargetDependency */ = {
			isa = PBXTargetDependency;
			target = 85347E1F1E23F60500AD7DEB /* scrollView */;
			targetProxy = 85347E351E23F60500AD7DEB /* PBXContainerItemProxy */;
		};
		85347E411E23F60500AD7DEB /* PBXTargetDependency */ = {
			isa = PBXTargetDependency;
			target = 85347E1F1E23F60500AD7DEB /* scrollView */;
			targetProxy = 85347E401E23F60500AD7DEB /* PBXContainerItemProxy */;
		};
/* End PBXTargetDependency section */

/* Begin PBXVariantGroup section */
		85347E271E23F60500AD7DEB /* Main.storyboard */ = {
			isa = PBXVariantGroup;
			children = (
				85347E281E23F60500AD7DEB /* Base */,
			);
			name = Main.storyboard;
			sourceTree = "<group>";
		};
		85347E2C1E23F60500AD7DEB /* LaunchScreen.storyboard */ = {
			isa = PBXVariantGroup;
			children = (
				85347E2D1E23F60500AD7DEB /* Base */,
			);
			name = LaunchScreen.storyboard;
			sourceTree = "<group>";
		};
/* End PBXVariantGroup section */

/* Begin XCBuildConfiguration section */
		85347E461E23F60500AD7DEB /* Debug */ = {
			isa = XCBuildConfiguration;
			buildSettings = {
				ALWAYS_SEARCH_USER_PATHS = NO;
				CLANG_ANALYZER_NONNULL = YES;
				CLANG_CXX_LANGUAGE_STANDARD = "gnu++0x";
				CLANG_CXX_LIBRARY = "libc++";
				CLANG_ENABLE_MODULES = YES;
				CLANG_ENABLE_OBJC_ARC = YES;
				CLANG_WARN_BOOL_CONVERSION = YES;
				CLANG_WARN_CONSTANT_CONVERSION = YES;
				CLANG_WARN_DIRECT_OBJC_ISA_USAGE = YES_ERROR;
				CLANG_WARN_DOCUMENTATION_COMMENTS = YES;
				CLANG_WARN_EMPTY_BODY = YES;
				CLANG_WARN_ENUM_CONVERSION = YES;
				CLANG_WARN_INFINITE_RECURSION = YES;
				CLANG_WARN_INT_CONVERSION = YES;
				CLANG_WARN_OBJC_ROOT_CLASS = YES_ERROR;
				CLANG_WARN_SUSPICIOUS_MOVE = YES;
				CLANG_WARN_UNREACHABLE_CODE = YES;
				CLANG_WARN__DUPLICATE_METHOD_MATCH = YES;
				"CODE_SIGN_IDENTITY[sdk=iphoneos*]" = "iPhone Developer";
				COPY_PHASE_STRIP = NO;
				DEBUG_INFORMATION_FORMAT = dwarf;
				ENABLE_STRICT_OBJC_MSGSEND = YES;
				ENABLE_TESTABILITY = YES;
				GCC_C_LANGUAGE_STANDARD = gnu99;
				GCC_DYNAMIC_NO_PIC = NO;
				GCC_NO_COMMON_BLOCKS = YES;
				GCC_OPTIMIZATION_LEVEL = 0;
				GCC_PREPROCESSOR_DEFINITIONS = (
					"DEBUG=1",
					"$(inherited)",
				);
				GCC_WARN_64_TO_32_BIT_CONVERSION = YES;
				GCC_WARN_ABOUT_RETURN_TYPE = YES_ERROR;
				GCC_WARN_UNDECLARED_SELECTOR = YES;
				GCC_WARN_UNINITIALIZED_AUTOS = YES_AGGRESSIVE;
				GCC_WARN_UNUSED_FUNCTION = YES;
				GCC_WARN_UNUSED_VARIABLE = YES;
				IPHONEOS_DEPLOYMENT_TARGET = 10.2;
				MTL_ENABLE_DEBUG_INFO = YES;
				ONLY_ACTIVE_ARCH = YES;
				SDKROOT = iphoneos;
				SWIFT_ACTIVE_COMPILATION_CONDITIONS = DEBUG;
				SWIFT_OPTIMIZATION_LEVEL = "-Onone";
				TARGETED_DEVICE_FAMILY = "1,2";
			};
			name = Debug;
		};
		85347E471E23F60500AD7DEB /* Release */ = {
			isa = XCBuildConfiguration;
			buildSettings = {
				ALWAYS_SEARCH_USER_PATHS = NO;
				CLANG_ANALYZER_NONNULL = YES;
				CLANG_CXX_LANGUAGE_STANDARD = "gnu++0x";
				CLANG_CXX_LIBRARY = "libc++";
				CLANG_ENABLE_MODULES = YES;
				CLANG_ENABLE_OBJC_ARC = YES;
				CLANG_WARN_BOOL_CONVERSION = YES;
				CLANG_WARN_CONSTANT_CONVERSION = YES;
				CLANG_WARN_DIRECT_OBJC_ISA_USAGE = YES_ERROR;
				CLANG_WARN_DOCUMENTATION_COMMENTS = YES;
				CLANG_WARN_EMPTY_BODY = YES;
				CLANG_WARN_ENUM_CONVERSION = YES;
				CLANG_WARN_INFINITE_RECURSION = YES;
				CLANG_WARN_INT_CONVERSION = YES;
				CLANG_WARN_OBJC_ROOT_CLASS = YES_ERROR;
				CLANG_WARN_SUSPICIOUS_MOVE = YES;
				CLANG_WARN_UNREACHABLE_CODE = YES;
				CLANG_WARN__DUPLICATE_METHOD_MATCH = YES;
				"CODE_SIGN_IDENTITY[sdk=iphoneos*]" = "iPhone Developer";
				COPY_PHASE_STRIP = NO;
				DEBUG_INFORMATION_FORMAT = "dwarf-with-dsym";
				ENABLE_NS_ASSERTIONS = NO;
				ENABLE_STRICT_OBJC_MSGSEND = YES;
				GCC_C_LANGUAGE_STANDARD = gnu99;
				GCC_NO_COMMON_BLOCKS = YES;
				GCC_WARN_64_TO_32_BIT_CONVERSION = YES;
				GCC_WARN_ABOUT_RETURN_TYPE = YES_ERROR;
				GCC_WARN_UNDECLARED_SELECTOR = YES;
				GCC_WARN_UNINITIALIZED_AUTOS = YES_AGGRESSIVE;
				GCC_WARN_UNUSED_FUNCTION = YES;
				GCC_WARN_UNUSED_VARIABLE = YES;
				IPHONEOS_DEPLOYMENT_TARGET = 10.2;
				MTL_ENABLE_DEBUG_INFO = NO;
				SDKROOT = iphoneos;
				SWIFT_OPTIMIZATION_LEVEL = "-Owholemodule";
				TARGETED_DEVICE_FAMILY = "1,2";
				VALIDATE_PRODUCT = YES;
			};
			name = Release;
		};
		85347E491E23F60500AD7DEB /* Debug */ = {
			isa = XCBuildConfiguration;
			buildSettings = {
				ASSETCATALOG_COMPILER_APPICON_NAME = AppIcon;
				INFOPLIST_FILE = scrollView/Info.plist;
				LD_RUNPATH_SEARCH_PATHS = "$(inherited) @executable_path/Frameworks";
				PRODUCT_BUNDLE_IDENTIFIER = home.scrollView;
				PRODUCT_NAME = "$(TARGET_NAME)";
				SWIFT_VERSION = 3.0;
			};
			name = Debug;
		};
		85347E4A1E23F60500AD7DEB /* Release */ = {
			isa = XCBuildConfiguration;
			buildSettings = {
				ASSETCATALOG_COMPILER_APPICON_NAME = AppIcon;
				INFOPLIST_FILE = scrollView/Info.plist;
				LD_RUNPATH_SEARCH_PATHS = "$(inherited) @executable_path/Frameworks";
				PRODUCT_BUNDLE_IDENTIFIER = home.scrollView;
				PRODUCT_NAME = "$(TARGET_NAME)";
				SWIFT_VERSION = 3.0;
			};
			name = Release;
		};
		85347E4C1E23F60500AD7DEB /* Debug */ = {
			isa = XCBuildConfiguration;
			buildSettings = {
				ALWAYS_EMBED_SWIFT_STANDARD_LIBRARIES = YES;
				BUNDLE_LOADER = "$(TEST_HOST)";
				INFOPLIST_FILE = scrollViewTests/Info.plist;
				LD_RUNPATH_SEARCH_PATHS = "$(inherited) @executable_path/Frameworks @loader_path/Frameworks";
				PRODUCT_BUNDLE_IDENTIFIER = home.scrollViewTests;
				PRODUCT_NAME = "$(TARGET_NAME)";
				SWIFT_VERSION = 3.0;
				TEST_HOST = "$(BUILT_PRODUCTS_DIR)/scrollView.app/scrollView";
			};
			name = Debug;
		};
		85347E4D1E23F60500AD7DEB /* Release */ = {
			isa = XCBuildConfiguration;
			buildSettings = {
				ALWAYS_EMBED_SWIFT_STANDARD_LIBRARIES = YES;
				BUNDLE_LOADER = "$(TEST_HOST)";
				INFOPLIST_FILE = scrollViewTests/Info.plist;
				LD_RUNPATH_SEARCH_PATHS = "$(inherited) @executable_path/Frameworks @loader_path/Frameworks";
				PRODUCT_BUNDLE_IDENTIFIER = home.scrollViewTests;
				PRODUCT_NAME = "$(TARGET_NAME)";
				SWIFT_VERSION = 3.0;
				TEST_HOST = "$(BUILT_PRODUCTS_DIR)/scrollView.app/scrollView";
			};
			name = Release;
		};
		85347E4F1E23F60500AD7DEB /* Debug */ = {
			isa = XCBuildConfiguration;
			buildSettings = {
				ALWAYS_EMBED_SWIFT_STANDARD_LIBRARIES = YES;
				INFOPLIST_FILE = scrollViewUITests/Info.plist;
				LD_RUNPATH_SEARCH_PATHS = "$(inherited) @executable_path/Frameworks @loader_path/Frameworks";
				PRODUCT_BUNDLE_IDENTIFIER = home.scrollViewUITests;
				PRODUCT_NAME = "$(TARGET_NAME)";
				SWIFT_VERSION = 3.0;
				TEST_TARGET_NAME = scrollView;
			};
			name = Debug;
		};
		85347E501E23F60500AD7DEB /* Release */ = {
			isa = XCBuildConfiguration;
			buildSettings = {
				ALWAYS_EMBED_SWIFT_STANDARD_LIBRARIES = YES;
				INFOPLIST_FILE = scrollViewUITests/Info.plist;
				LD_RUNPATH_SEARCH_PATHS = "$(inherited) @executable_path/Frameworks @loader_path/Frameworks";
				PRODUCT_BUNDLE_IDENTIFIER = home.scrollViewUITests;
				PRODUCT_NAME = "$(TARGET_NAME)";
				SWIFT_VERSION = 3.0;
				TEST_TARGET_NAME = scrollView;
			};
			name = Release;
		};
/* End XCBuildConfiguration section */

/* Begin XCConfigurationList section */
		85347E1B1E23F60500AD7DEB /* Build configuration list for PBXProject "scrollView" */ = {
			isa = XCConfigurationList;
			buildConfigurations = (
				85347E461E23F60500AD7DEB /* Debug */,
				85347E471E23F60500AD7DEB /* Release */,
			);
			defaultConfigurationIsVisible = 0;
			defaultConfigurationName = Release;
		};
		85347E481E23F60500AD7DEB /* Build configuration list for PBXNativeTarget "scrollView" */ = {
			isa = XCConfigurationList;
			buildConfigurations = (
				85347E491E23F60500AD7DEB /* Debug */,
				85347E4A1E23F60500AD7DEB /* Release */,
			);
			defaultConfigurationIsVisible = 0;
		};
		85347E4B1E23F60500AD7DEB /* Build configuration list for PBXNativeTarget "scrollViewTests" */ = {
			isa = XCConfigurationList;
			buildConfigurations = (
				85347E4C1E23F60500AD7DEB /* Debug */,
				85347E4D1E23F60500AD7DEB /* Release */,
			);
			defaultConfigurationIsVisible = 0;
		};
		85347E4E1E23F60500AD7DEB /* Build configuration list for PBXNativeTarget "scrollViewUITests" */ = {
			isa = XCConfigurationList;
			buildConfigurations = (
				85347E4F1E23F60500AD7DEB /* Debug */,
				85347E501E23F60500AD7DEB /* Release */,
			);
			defaultConfigurationIsVisible = 0;
		};
/* End XCConfigurationList section */
	};
	rootObject = 85347E181E23F60500AD7DEB /* Project object */;
}
