// !$*UTF8*$!
{
	archiveVersion = 1;
	classes = {
	};
	objectVersion = 46;
	objects = {

/* Begin PBXBuildFile section */
		85347E5E1E2421E500AD7DEB /* AppDelegate.swift in Sources */ = {isa = PBXBuildFile; fileRef = 85347E5D1E2421E500AD7DEB /* AppDelegate.swift */; };
		85347E601E2421E500AD7DEB /* ViewController.swift in Sources */ = {isa = PBXBuildFile; fileRef = 85347E5F1E2421E500AD7DEB /* ViewController.swift */; };
		85347E631E2421E500AD7DEB /* Main.storyboard in Resources */ = {isa = PBXBuildFile; fileRef = 85347E611E2421E500AD7DEB /* Main.storyboard */; };
		85347E651E2421E500AD7DEB /* Assets.xcassets in Resources */ = {isa = PBXBuildFile; fileRef = 85347E641E2421E500AD7DEB /* Assets.xcassets */; };
		85347E681E2421E500AD7DEB /* LaunchScreen.storyboard in Resources */ = {isa = PBXBuildFile; fileRef = 85347E661E2421E500AD7DEB /* LaunchScreen.storyboard */; };
		85347E731E2421E500AD7DEB /* stackViewTests.swift in Sources */ = {isa = PBXBuildFile; fileRef = 85347E721E2421E500AD7DEB /* stackViewTests.swift */; };
		85347E7E1E2421E500AD7DEB /* stackViewUITests.swift in Sources */ = {isa = PBXBuildFile; fileRef = 85347E7D1E2421E500AD7DEB /* stackViewUITests.swift */; };
/* End PBXBuildFile section */

/* Begin PBXContainerItemProxy section */
		85347E6F1E2421E500AD7DEB /* PBXContainerItemProxy */ = {
			isa = PBXContainerItemProxy;
			containerPortal = 85347E521E2421E500AD7DEB /* Project object */;
			proxyType = 1;
			remoteGlobalIDString = 85347E591E2421E500AD7DEB;
			remoteInfo = stackView;
		};
		85347E7A1E2421E500AD7DEB /* PBXContainerItemProxy */ = {
			isa = PBXContainerItemProxy;
			containerPortal = 85347E521E2421E500AD7DEB /* Project object */;
			proxyType = 1;
			remoteGlobalIDString = 85347E591E2421E500AD7DEB;
			remoteInfo = stackView;
		};
/* End PBXContainerItemProxy section */

/* Begin PBXFileReference section */
		85347E5A1E2421E500AD7DEB /* stackView.app */ = {isa = PBXFileReference; explicitFileType = wrapper.application; includeInIndex = 0; path = stackView.app; sourceTree = BUILT_PRODUCTS_DIR; };
		85347E5D1E2421E500AD7DEB /* AppDelegate.swift */ = {isa = PBXFileReference; lastKnownFileType = sourcecode.swift; path = AppDelegate.swift; sourceTree = "<group>"; };
		85347E5F1E2421E500AD7DEB /* ViewController.swift */ = {isa = PBXFileReference; lastKnownFileType = sourcecode.swift; path = ViewController.swift; sourceTree = "<group>"; };
		85347E621E2421E500AD7DEB /* Base */ = {isa = PBXFileReference; lastKnownFileType = file.storyboard; name = Base; path = Base.lproj/Main.storyboard; sourceTree = "<group>"; };
		85347E641E2421E500AD7DEB /* Assets.xcassets */ = {isa = PBXFileReference; lastKnownFileType = folder.assetcatalog; path = Assets.xcassets; sourceTree = "<group>"; };
		85347E671E2421E500AD7DEB /* Base */ = {isa = PBXFileReference; lastKnownFileType = file.storyboard; name = Base; path = Base.lproj/LaunchScreen.storyboard; sourceTree = "<group>"; };
		85347E691E2421E500AD7DEB /* Info.plist */ = {isa = PBXFileReference; lastKnownFileType = text.plist.xml; path = Info.plist; sourceTree = "<group>"; };
		85347E6E1E2421E500AD7DEB /* stackViewTests.xctest */ = {isa = PBXFileReference; explicitFileType = wrapper.cfbundle; includeInIndex = 0; path = stackViewTests.xctest; sourceTree = BUILT_PRODUCTS_DIR; };
		85347E721E2421E500AD7DEB /* stackViewTests.swift */ = {isa = PBXFileReference; lastKnownFileType = sourcecode.swift; path = stackViewTests.swift; sourceTree = "<group>"; };
		85347E741E2421E500AD7DEB /* Info.plist */ = {isa = PBXFileReference; lastKnownFileType = text.plist.xml; path = Info.plist; sourceTree = "<group>"; };
		85347E791E2421E500AD7DEB /* stackViewUITests.xctest */ = {isa = PBXFileReference; explicitFileType = wrapper.cfbundle; includeInIndex = 0; path = stackViewUITests.xctest; sourceTree = BUILT_PRODUCTS_DIR; };
		85347E7D1E2421E500AD7DEB /* stackViewUITests.swift */ = {isa = PBXFileReference; lastKnownFileType = sourcecode.swift; path = stackViewUITests.swift; sourceTree = "<group>"; };
		85347E7F1E2421E500AD7DEB /* Info.plist */ = {isa = PBXFileReference; lastKnownFileType = text.plist.xml; path = Info.plist; sourceTree = "<group>"; };
/* End PBXFileReference section */

/* Begin PBXFrameworksBuildPhase section */
		85347E571E2421E500AD7DEB /* Frameworks */ = {
			isa = PBXFrameworksBuildPhase;
			buildActionMask = 2147483647;
			files = (
			);
			runOnlyForDeploymentPostprocessing = 0;
		};
		85347E6B1E2421E500AD7DEB /* Frameworks */ = {
			isa = PBXFrameworksBuildPhase;
			buildActionMask = 2147483647;
			files = (
			);
			runOnlyForDeploymentPostprocessing = 0;
		};
		85347E761E2421E500AD7DEB /* Frameworks */ = {
			isa = PBXFrameworksBuildPhase;
			buildActionMask = 2147483647;
			files = (
			);
			runOnlyForDeploymentPostprocessing = 0;
		};
/* End PBXFrameworksBuildPhase section */

/* Begin PBXGroup section */
		85347E511E2421E500AD7DEB = {
			isa = PBXGroup;
			children = (
				85347E5C1E2421E500AD7DEB /* stackView */,
				85347E711E2421E500AD7DEB /* stackViewTests */,
				85347E7C1E2421E500AD7DEB /* stackViewUITests */,
				85347E5B1E2421E500AD7DEB /* Products */,
			);
			sourceTree = "<group>";
		};
		85347E5B1E2421E500AD7DEB /* Products */ = {
			isa = PBXGroup;
			children = (
				85347E5A1E2421E500AD7DEB /* stackView.app */,
				85347E6E1E2421E500AD7DEB /* stackViewTests.xctest */,
				85347E791E2421E500AD7DEB /* stackViewUITests.xctest */,
			);
			name = Products;
			sourceTree = "<group>";
		};
		85347E5C1E2421E500AD7DEB /* stackView */ = {
			isa = PBXGroup;
			children = (
				85347E5D1E2421E500AD7DEB /* AppDelegate.swift */,
				85347E5F1E2421E500AD7DEB /* ViewController.swift */,
				85347E611E2421E500AD7DEB /* Main.storyboard */,
				85347E641E2421E500AD7DEB /* Assets.xcassets */,
				85347E661E2421E500AD7DEB /* LaunchScreen.storyboard */,
				85347E691E2421E500AD7DEB /* Info.plist */,
			);
			path = stackView;
			sourceTree = "<group>";
		};
		85347E711E2421E500AD7DEB /* stackViewTests */ = {
			isa = PBXGroup;
			children = (
				85347E721E2421E500AD7DEB /* stackViewTests.swift */,
				85347E741E2421E500AD7DEB /* Info.plist */,
			);
			path = stackViewTests;
			sourceTree = "<group>";
		};
		85347E7C1E2421E500AD7DEB /* stackViewUITests */ = {
			isa = PBXGroup;
			children = (
				85347E7D1E2421E500AD7DEB /* stackViewUITests.swift */,
				85347E7F1E2421E500AD7DEB /* Info.plist */,
			);
			path = stackViewUITests;
			sourceTree = "<group>";
		};
/* End PBXGroup section */

/* Begin PBXNativeTarget section */
		85347E591E2421E500AD7DEB /* stackView */ = {
			isa = PBXNativeTarget;
			buildConfigurationList = 85347E821E2421E500AD7DEB /* Build configuration list for PBXNativeTarget "stackView" */;
			buildPhases = (
				85347E561E2421E500AD7DEB /* Sources */,
				85347E571E2421E500AD7DEB /* Frameworks */,
				85347E581E2421E500AD7DEB /* Resources */,
			);
			buildRules = (
			);
			dependencies = (
			);
			name = stackView;
			productName = stackView;
			productReference = 85347E5A1E2421E500AD7DEB /* stackView.app */;
			productType = "com.apple.product-type.application";
		};
		85347E6D1E2421E500AD7DEB /* stackViewTests */ = {
			isa = PBXNativeTarget;
			buildConfigurationList = 85347E851E2421E500AD7DEB /* Build configuration list for PBXNativeTarget "stackViewTests" */;
			buildPhases = (
				85347E6A1E2421E500AD7DEB /* Sources */,
				85347E6B1E2421E500AD7DEB /* Frameworks */,
				85347E6C1E2421E500AD7DEB /* Resources */,
			);
			buildRules = (
			);
			dependencies = (
				85347E701E2421E500AD7DEB /* PBXTargetDependency */,
			);
			name = stackViewTests;
			productName = stackViewTests;
			productReference = 85347E6E1E2421E500AD7DEB /* stackViewTests.xctest */;
			productType = "com.apple.product-type.bundle.unit-test";
		};
		85347E781E2421E500AD7DEB /* stackViewUITests */ = {
			isa = PBXNativeTarget;
			buildConfigurationList = 85347E881E2421E500AD7DEB /* Build configuration list for PBXNativeTarget "stackViewUITests" */;
			buildPhases = (
				85347E751E2421E500AD7DEB /* Sources */,
				85347E761E2421E500AD7DEB /* Frameworks */,
				85347E771E2421E500AD7DEB /* Resources */,
			);
			buildRules = (
			);
			dependencies = (
				85347E7B1E2421E500AD7DEB /* PBXTargetDependency */,
			);
			name = stackViewUITests;
			productName = stackViewUITests;
			productReference = 85347E791E2421E500AD7DEB /* stackViewUITests.xctest */;
			productType = "com.apple.product-type.bundle.ui-testing";
		};
/* End PBXNativeTarget section */

/* Begin PBXProject section */
		85347E521E2421E500AD7DEB /* Project object */ = {
			isa = PBXProject;
			attributes = {
				LastSwiftUpdateCheck = 0820;
				LastUpgradeCheck = 0820;
				ORGANIZATIONNAME = "Vineeth Ravindra";
				TargetAttributes = {
					85347E591E2421E500AD7DEB = {
						CreatedOnToolsVersion = 8.2.1;
						ProvisioningStyle = Automatic;
					};
					85347E6D1E2421E500AD7DEB = {
						CreatedOnToolsVersion = 8.2.1;
						ProvisioningStyle = Automatic;
						TestTargetID = 85347E591E2421E500AD7DEB;
					};
					85347E781E2421E500AD7DEB = {
						CreatedOnToolsVersion = 8.2.1;
						ProvisioningStyle = Automatic;
						TestTargetID = 85347E591E2421E500AD7DEB;
					};
				};
			};
			buildConfigurationList = 85347E551E2421E500AD7DEB /* Build configuration list for PBXProject "stackView" */;
			compatibilityVersion = "Xcode 3.2";
			developmentRegion = English;
			hasScannedForEncodings = 0;
			knownRegions = (
				en,
				Base,
			);
			mainGroup = 85347E511E2421E500AD7DEB;
			productRefGroup = 85347E5B1E2421E500AD7DEB /* Products */;
			projectDirPath = "";
			projectRoot = "";
			targets = (
				85347E591E2421E500AD7DEB /* stackView */,
				85347E6D1E2421E500AD7DEB /* stackViewTests */,
				85347E781E2421E500AD7DEB /* stackViewUITests */,
			);
		};
/* End PBXProject section */

/* Begin PBXResourcesBuildPhase section */
		85347E581E2421E500AD7DEB /* Resources */ = {
			isa = PBXResourcesBuildPhase;
			buildActionMask = 2147483647;
			files = (
				85347E681E2421E500AD7DEB /* LaunchScreen.storyboard in Resources */,
				85347E651E2421E500AD7DEB /* Assets.xcassets in Resources */,
				85347E631E2421E500AD7DEB /* Main.storyboard in Resources */,
			);
			runOnlyForDeploymentPostprocessing = 0;
		};
		85347E6C1E2421E500AD7DEB /* Resources */ = {
			isa = PBXResourcesBuildPhase;
			buildActionMask = 2147483647;
			files = (
			);
			runOnlyForDeploymentPostprocessing = 0;
		};
		85347E771E2421E500AD7DEB /* Resources */ = {
			isa = PBXResourcesBuildPhase;
			buildActionMask = 2147483647;
			files = (
			);
			runOnlyForDeploymentPostprocessing = 0;
		};
/* End PBXResourcesBuildPhase section */

/* Begin PBXSourcesBuildPhase section */
		85347E561E2421E500AD7DEB /* Sources */ = {
			isa = PBXSourcesBuildPhase;
			buildActionMask = 2147483647;
			files = (
				85347E601E2421E500AD7DEB /* ViewController.swift in Sources */,
				85347E5E1E2421E500AD7DEB /* AppDelegate.swift in Sources */,
			);
			runOnlyForDeploymentPostprocessing = 0;
		};
		85347E6A1E2421E500AD7DEB /* Sources */ = {
			isa = PBXSourcesBuildPhase;
			buildActionMask = 2147483647;
			files = (
				85347E731E2421E500AD7DEB /* stackViewTests.swift in Sources */,
			);
			runOnlyForDeploymentPostprocessing = 0;
		};
		85347E751E2421E500AD7DEB /* Sources */ = {
			isa = PBXSourcesBuildPhase;
			buildActionMask = 2147483647;
			files = (
				85347E7E1E2421E500AD7DEB /* stackViewUITests.swift in Sources */,
			);
			runOnlyForDeploymentPostprocessing = 0;
		};
/* End PBXSourcesBuildPhase section */

/* Begin PBXTargetDependency section */
		85347E701E2421E500AD7DEB /* PBXTargetDependency */ = {
			isa = PBXTargetDependency;
			target = 85347E591E2421E500AD7DEB /* stackView */;
			targetProxy = 85347E6F1E2421E500AD7DEB /* PBXContainerItemProxy */;
		};
		85347E7B1E2421E500AD7DEB /* PBXTargetDependency */ = {
			isa = PBXTargetDependency;
			target = 85347E591E2421E500AD7DEB /* stackView */;
			targetProxy = 85347E7A1E2421E500AD7DEB /* PBXContainerItemProxy */;
		};
/* End PBXTargetDependency section */

/* Begin PBXVariantGroup section */
		85347E611E2421E500AD7DEB /* Main.storyboard */ = {
			isa = PBXVariantGroup;
			children = (
				85347E621E2421E500AD7DEB /* Base */,
			);
			name = Main.storyboard;
			sourceTree = "<group>";
		};
		85347E661E2421E500AD7DEB /* LaunchScreen.storyboard */ = {
			isa = PBXVariantGroup;
			children = (
				85347E671E2421E500AD7DEB /* Base */,
			);
			name = LaunchScreen.storyboard;
			sourceTree = "<group>";
		};
/* End PBXVariantGroup section */

/* Begin XCBuildConfiguration section */
		85347E801E2421E500AD7DEB /* Debug */ = {
			isa = XCBuildConfiguration;
			buildSettings = {
				ALWAYS_SEARCH_USER_PATHS = NO;
				CLANG_ANALYZER_NONNULL = YES;
				CLANG_CXX_LANGUAGE_STANDARD = "gnu++0x";
				CLANG_CXX_LIBRARY = "libc++";
				CLANG_ENABLE_MODULES = YES;
				CLANG_ENABLE_OBJC_ARC = YES;
				CLANG_WARN_BOOL_CONVERSION = YES;
				CLANG_WARN_CONSTANT_CONVERSION = YES;
				CLANG_WARN_DIRECT_OBJC_ISA_USAGE = YES_ERROR;
				CLANG_WARN_DOCUMENTATION_COMMENTS = YES;
				CLANG_WARN_EMPTY_BODY = YES;
				CLANG_WARN_ENUM_CONVERSION = YES;
				CLANG_WARN_INFINITE_RECURSION = YES;
				CLANG_WARN_INT_CONVERSION = YES;
				CLANG_WARN_OBJC_ROOT_CLASS = YES_ERROR;
				CLANG_WARN_SUSPICIOUS_MOVE = YES;
				CLANG_WARN_UNREACHABLE_CODE = YES;
				CLANG_WARN__DUPLICATE_METHOD_MATCH = YES;
				"CODE_SIGN_IDENTITY[sdk=iphoneos*]" = "iPhone Developer";
				COPY_PHASE_STRIP = NO;
				DEBUG_INFORMATION_FORMAT = dwarf;
				ENABLE_STRICT_OBJC_MSGSEND = YES;
				ENABLE_TESTABILITY = YES;
				GCC_C_LANGUAGE_STANDARD = gnu99;
				GCC_DYNAMIC_NO_PIC = NO;
				GCC_NO_COMMON_BLOCKS = YES;
				GCC_OPTIMIZATION_LEVEL = 0;
				GCC_PREPROCESSOR_DEFINITIONS = (
					"DEBUG=1",
					"$(inherited)",
				);
				GCC_WARN_64_TO_32_BIT_CONVERSION = YES;
				GCC_WARN_ABOUT_RETURN_TYPE = YES_ERROR;
				GCC_WARN_UNDECLARED_SELECTOR = YES;
				GCC_WARN_UNINITIALIZED_AUTOS = YES_AGGRESSIVE;
				GCC_WARN_UNUSED_FUNCTION = YES;
				GCC_WARN_UNUSED_VARIABLE = YES;
				IPHONEOS_DEPLOYMENT_TARGET = 10.2;
				MTL_ENABLE_DEBUG_INFO = YES;
				ONLY_ACTIVE_ARCH = YES;
				SDKROOT = iphoneos;
				SWIFT_ACTIVE_COMPILATION_CONDITIONS = DEBUG;
				SWIFT_OPTIMIZATION_LEVEL = "-Onone";
				TARGETED_DEVICE_FAMILY = "1,2";
			};
			name = Debug;
		};
		85347E811E2421E500AD7DEB /* Release */ = {
			isa = XCBuildConfiguration;
			buildSettings = {
				ALWAYS_SEARCH_USER_PATHS = NO;
				CLANG_ANALYZER_NONNULL = YES;
				CLANG_CXX_LANGUAGE_STANDARD = "gnu++0x";
				CLANG_CXX_LIBRARY = "libc++";
				CLANG_ENABLE_MODULES = YES;
				CLANG_ENABLE_OBJC_ARC = YES;
				CLANG_WARN_BOOL_CONVERSION = YES;
				CLANG_WARN_CONSTANT_CONVERSION = YES;
				CLANG_WARN_DIRECT_OBJC_ISA_USAGE = YES_ERROR;
				CLANG_WARN_DOCUMENTATION_COMMENTS = YES;
				CLANG_WARN_EMPTY_BODY = YES;
				CLANG_WARN_ENUM_CONVERSION = YES;
				CLANG_WARN_INFINITE_RECURSION = YES;
				CLANG_WARN_INT_CONVERSION = YES;
				CLANG_WARN_OBJC_ROOT_CLASS = YES_ERROR;
				CLANG_WARN_SUSPICIOUS_MOVE = YES;
				CLANG_WARN_UNREACHABLE_CODE = YES;
				CLANG_WARN__DUPLICATE_METHOD_MATCH = YES;
				"CODE_SIGN_IDENTITY[sdk=iphoneos*]" = "iPhone Developer";
				COPY_PHASE_STRIP = NO;
				DEBUG_INFORMATION_FORMAT = "dwarf-with-dsym";
				ENABLE_NS_ASSERTIONS = NO;
				ENABLE_STRICT_OBJC_MSGSEND = YES;
				GCC_C_LANGUAGE_STANDARD = gnu99;
				GCC_NO_COMMON_BLOCKS = YES;
				GCC_WARN_64_TO_32_BIT_CONVERSION = YES;
				GCC_WARN_ABOUT_RETURN_TYPE = YES_ERROR;
				GCC_WARN_UNDECLARED_SELECTOR = YES;
				GCC_WARN_UNINITIALIZED_AUTOS = YES_AGGRESSIVE;
				GCC_WARN_UNUSED_FUNCTION = YES;
				GCC_WARN_UNUSED_VARIABLE = YES;
				IPHONEOS_DEPLOYMENT_TARGET = 10.2;
				MTL_ENABLE_DEBUG_INFO = NO;
				SDKROOT = iphoneos;
				SWIFT_OPTIMIZATION_LEVEL = "-Owholemodule";
				TARGETED_DEVICE_FAMILY = "1,2";
				VALIDATE_PRODUCT = YES;
			};
			name = Release;
		};
		85347E831E2421E500AD7DEB /* Debug */ = {
			isa = XCBuildConfiguration;
			buildSettings = {
				ASSETCATALOG_COMPILER_APPICON_NAME = AppIcon;
				INFOPLIST_FILE = stackView/Info.plist;
				LD_RUNPATH_SEARCH_PATHS = "$(inherited) @executable_path/Frameworks";
				PRODUCT_BUNDLE_IDENTIFIER = home.stackView;
				PRODUCT_NAME = "$(TARGET_NAME)";
				SWIFT_VERSION = 3.0;
			};
			name = Debug;
		};
		85347E841E2421E500AD7DEB /* Release */ = {
			isa = XCBuildConfiguration;
			buildSettings = {
				ASSETCATALOG_COMPILER_APPICON_NAME = AppIcon;
				INFOPLIST_FILE = stackView/Info.plist;
				LD_RUNPATH_SEARCH_PATHS = "$(inherited) @executable_path/Frameworks";
				PRODUCT_BUNDLE_IDENTIFIER = home.stackView;
				PRODUCT_NAME = "$(TARGET_NAME)";
				SWIFT_VERSION = 3.0;
			};
			name = Release;
		};
		85347E861E2421E500AD7DEB /* Debug */ = {
			isa = XCBuildConfiguration;
			buildSettings = {
				ALWAYS_EMBED_SWIFT_STANDARD_LIBRARIES = YES;
				BUNDLE_LOADER = "$(TEST_HOST)";
				INFOPLIST_FILE = stackViewTests/Info.plist;
				LD_RUNPATH_SEARCH_PATHS = "$(inherited) @executable_path/Frameworks @loader_path/Frameworks";
				PRODUCT_BUNDLE_IDENTIFIER = home.stackViewTests;
				PRODUCT_NAME = "$(TARGET_NAME)";
				SWIFT_VERSION = 3.0;
				TEST_HOST = "$(BUILT_PRODUCTS_DIR)/stackView.app/stackView";
			};
			name = Debug;
		};
		85347E871E2421E500AD7DEB /* Release */ = {
			isa = XCBuildConfiguration;
			buildSettings = {
				ALWAYS_EMBED_SWIFT_STANDARD_LIBRARIES = YES;
				BUNDLE_LOADER = "$(TEST_HOST)";
				INFOPLIST_FILE = stackViewTests/Info.plist;
				LD_RUNPATH_SEARCH_PATHS = "$(inherited) @executable_path/Frameworks @loader_path/Frameworks";
				PRODUCT_BUNDLE_IDENTIFIER = home.stackViewTests;
				PRODUCT_NAME = "$(TARGET_NAME)";
				SWIFT_VERSION = 3.0;
				TEST_HOST = "$(BUILT_PRODUCTS_DIR)/stackView.app/stackView";
			};
			name = Release;
		};
		85347E891E2421E500AD7DEB /* Debug */ = {
			isa = XCBuildConfiguration;
			buildSettings = {
				ALWAYS_EMBED_SWIFT_STANDARD_LIBRARIES = YES;
				INFOPLIST_FILE = stackViewUITests/Info.plist;
				LD_RUNPATH_SEARCH_PATHS = "$(inherited) @executable_path/Frameworks @loader_path/Frameworks";
				PRODUCT_BUNDLE_IDENTIFIER = home.stackViewUITests;
				PRODUCT_NAME = "$(TARGET_NAME)";
				SWIFT_VERSION = 3.0;
				TEST_TARGET_NAME = stackView;
			};
			name = Debug;
		};
		85347E8A1E2421E500AD7DEB /* Release */ = {
			isa = XCBuildConfiguration;
			buildSettings = {
				ALWAYS_EMBED_SWIFT_STANDARD_LIBRARIES = YES;
				INFOPLIST_FILE = stackViewUITests/Info.plist;
				LD_RUNPATH_SEARCH_PATHS = "$(inherited) @executable_path/Frameworks @loader_path/Frameworks";
				PRODUCT_BUNDLE_IDENTIFIER = home.stackViewUITests;
				PRODUCT_NAME = "$(TARGET_NAME)";
				SWIFT_VERSION = 3.0;
				TEST_TARGET_NAME = stackView;
			};
			name = Release;
		};
/* End XCBuildConfiguration section */

/* Begin XCConfigurationList section */
		85347E551E2421E500AD7DEB /* Build configuration list for PBXProject "stackView" */ = {
			isa = XCConfigurationList;
			buildConfigurations = (
				85347E801E2421E500AD7DEB /* Debug */,
				85347E811E2421E500AD7DEB /* Release */,
			);
			defaultConfigurationIsVisible = 0;
			defaultConfigurationName = Release;
		};
		85347E821E2421E500AD7DEB /* Build configuration list for PBXNativeTarget "stackView" */ = {
			isa = XCConfigurationList;
			buildConfigurations = (
				85347E831E2421E500AD7DEB /* Debug */,
				85347E841E2421E500AD7DEB /* Release */,
			);
			defaultConfigurationIsVisible = 0;
		};
		85347E851E2421E500AD7DEB /* Build configuration list for PBXNativeTarget "stackViewTests" */ = {
			isa = XCConfigurationList;
			buildConfigurations = (
				85347E861E2421E500AD7DEB /* Debug */,
				85347E871E2421E500AD7DEB /* Release */,
			);
			defaultConfigurationIsVisible = 0;
		};
		85347E881E2421E500AD7DEB /* Build configuration list for PBXNativeTarget "stackViewUITests" */ = {
			isa = XCConfigurationList;
			buildConfigurations = (
				85347E891E2421E500AD7DEB /* Debug */,
				85347E8A1E2421E500AD7DEB /* Release */,
			);
			defaultConfigurationIsVisible = 0;
		};
/* End XCConfigurationList section */
	};
	rootObject = 85347E521E2421E500AD7DEB /* Project object */;
}
